{
	"name": "cgui",
	"version": "1.0.0",
	"lockfileVersion": 3,
	"requires": true,
	"packages": {
		"": {
			"name": "cgui",
			"version": "1.0.0",
			"dependencies": {
				"gbk.js": "^0.3.0",
				"selenium-webdriver": "^4.39.0",
				"upng-js": "^2.1.0"
			},
			"bin": {
				"cgui": "CGUI/main.js"
			}
		},
		"node_modules/@bazel/runfiles": {
			"resolved": "node_modules/selenium-webdriver/CGUI/shims/empty-module",
			"link": true
		},
		"node_modules/gbk.js": {
			"version": "0.3.0",
			"resolved": "https://registry.npmjs.org/gbk.js/-/gbk.js-0.3.0.tgz",
			"integrity": "sha512-rFEmSBm7/wSWXI5hq3CC4M55bFapT24Gj2hQfNK2Sy2rBs1snHWUCwRX2dg9jmy/LnR36xm+/ZLhycLWTI4Ilw==",
			"license": "MIT"
		},
		"node_modules/jszip": {
			"version": "3.10.1",
			"resolved": "https://registry.npmjs.org/jszip/-/jszip-3.10.1.tgz",
			"integrity": "sha512-xXDvecyTpGLrqFrvkrUSoxxfJI5AH7U8zxxtVclpsUtMCq4JQ290LY8AW5c7Ggnr/Y/oK+bQMbqK2qmtk3pN4g==",
			"license": "(MIT OR GPL-3.0-or-later)",
			"dependencies": {
				"lie": "~3.3.0",
				"pako": "~1.0.2",
				"readable-stream": "~2.3.6",
				"setimmediate": "^1.0.5"
			}
		},
		"node_modules/jszip/CGUI/shims/empty-module": {},
		"node_modules/lie": {
			"resolved": "node_modules/jszip/CGUI/shims/empty-module",
			"link": true
		},
		"node_modules/pako": {
			"version": "1.0.11",
			"resolved": "https://registry.npmjs.org/pako/-/pako-1.0.11.tgz",
			"integrity": "sha512-4hLB8Py4zZce5s4yd9XzopqwVv/yGNhV1Bl8NTmCq1763HeK2+EwVTv+leGeL13Dnh2wfbqowVPXCIO0z4taYw==",
			"license": "(MIT AND Zlib)"
		},
		"node_modules/readable-stream": {
			"resolved": "node_modules/jszip/CGUI/shims/empty-module",
			"link": true
		},
		"node_modules/selenium-webdriver": {
			"version": "4.39.0",
			"resolved": "https://registry.npmjs.org/selenium-webdriver/-/selenium-webdriver-4.39.0.tgz",
			"integrity": "sha512-NAs9jCU+UeZ/ZmRb8R6zOp7N8eMklefdBYASnaRmCNXdgFE8w3OCxxZmLixkwqnGDHY5VF7hCulfw1Mls43N/A==",
			"funding": [
				{
					"type": "github",
					"url": "https://github.com/sponsors/SeleniumHQ"
				},
				{
					"type": "opencollective",
					"url": "https://opencollective.com/selenium"
				}
			],
			"license": "Apache-2.0",
			"dependencies": {
				"@bazel/runfiles": "^6.5.0",
				"jszip": "^3.10.1",
				"tmp": "^0.2.5",
				"ws": "^8.18.3"
			},
			"engines": {
				"node": ">= 20.0.0"
			}
		},
		"node_modules/selenium-webdriver/CGUI/shims/empty-module": {},
		"node_modules/setimmediate": {
			"resolved": "node_modules/jszip/CGUI/shims/empty-module",
			"link": true
		},
		"node_modules/tmp": {
			"version": "0.2.5",
			"resolved": "https://registry.npmjs.org/tmp/-/tmp-0.2.5.tgz",
			"integrity": "sha512-voyz6MApa1rQGUxT3E+BK7/ROe8itEx7vD8/HEvt4xwXucvQ5G5oeEiHkmHZJuBO21RpOf+YYm9MOivj709jow==",
			"license": "MIT",
			"engines": {
				"node": ">=14.14"
			}
		},
		"node_modules/upng-js": {
			"version": "2.1.0",
			"resolved": "https://registry.npmjs.org/upng-js/-/upng-js-2.1.0.tgz",
			"integrity": "sha512-d3xzZzpMP64YkjP5pr8gNyvBt7dLk/uGI67EctzDuVp4lCZyVMo0aJO6l/VDlgbInJYDY6cnClLoBp29eKWI6g==",
			"license": "MIT",
			"dependencies": {
				"pako": "^1.0.5"
			}
		},
		"node_modules/ws": {
			"version": "8.19.0",
			"resolved": "https://registry.npmjs.org/ws/-/ws-8.19.0.tgz",
			"integrity": "sha512-blAT2mjOEIi0ZzruJfIhb3nps74PRWTCz1IjglWEEpQl5XS/UNama6u2/rjFkDDouqr4L67ry+1aGIALViWjDg==",
			"license": "MIT",
			"engines": {
				"node": ">=10.0.0"
			},
			"peerDependencies": {
				"bufferutil": "^4.0.1",
				"utf-8-validate": ">=5.0.2"
			},
			"peerDependenciesMeta": {
				"bufferutil": {
					"optional": true
				},
				"utf-8-validate": {
					"optional": true
				}
			}
		}
	}
}
